
Microsoft Visual Studio Solution File, Format Version 12.00
# Visual Studio Version 17
VisualStudioVersion = 17.9.34728.123
MinimumVisualStudioVersion = 10.0.40219.1
Project("{FAE04EC0-301F-11D3-BF4B-00C04F79EFBC}") = "AppMatrice", "AppMatrice\AppMatrice.csproj", "{49FF0E70-14A4-42FF-862B-5AB80FF10065}"
EndProject
Global
	GlobalSection(SolutionConfigurationPlatforms) = preSolution
		Debug|Any CPU = Debug|Any CPU
		Release|Any CPU = Release|Any CPU
	EndGlobalSection
	GlobalSection(ProjectConfigurationPlatforms) = postSolution
		{49FF0E70-14A4-42FF-862B-5AB80FF10065}.Debug|Any CPU.ActiveCfg = Debug|Any CPU
		{49FF0E70-14A4-42FF-862B-5AB80FF10065}.Debug|Any CPU.Build.0 = Debug|Any CPU
		{49FF0E70-14A4-42FF-862B-5AB80FF10065}.Release|Any CPU.ActiveCfg = Release|Any CPU
		{49FF0E70-14A4-42FF-862B-5AB80FF10065}.Release|Any CPU.Build.0 = Release|Any CPU
	EndGlobalSection
	GlobalSection(SolutionProperties) = preSolution
		HideSolutionNode = FALSE
	EndGlobalSection
	GlobalSection(ExtensibilityGlobals) = postSolution
		SolutionGuid = {539C0366-68BB-4D34-ACCB-5A3B0E6775D8}
	EndGlobalSection
EndGlobal
